
Microsoft Visual Studio Solution File, Format Version 12.00
# Visual Studio Version 16
VisualStudioVersion = 16.0.29319.158
MinimumVisualStudioVersion = 10.0.40219.1
Project("{9A19103F-16F7-4668-BE54-9A1E7A4F7556}") = "FluffySpoon.Neuro.Evolution", "FluffySpoon.Neuro.Evolution\FluffySpoon.Neuro.Evolution.csproj", "{3165ECA9-47E5-47D9-86A7-B16CA9971EEC}"
EndProject
Project("{FAE04EC0-301F-11D3-BF4B-00C04F79EFBC}") = "FluffySpoon.Neuro.Evolution.Accord", "FluffySpoon.Neuro.Evolution.Accord\FluffySpoon.Neuro.Evolution.Accord.csproj", "{0DFC3AB8-E3DF-4281-AAA4-A5577F2B28B0}"
EndProject
Global
	GlobalSection(SolutionConfigurationPlatforms) = preSolution
		Debug|Any CPU = Debug|Any CPU
		Release|Any CPU = Release|Any CPU
	EndGlobalSection
	GlobalSection(ProjectConfigurationPlatforms) = postSolution
		{3165ECA9-47E5-47D9-86A7-B16CA9971EEC}.Debug|Any CPU.ActiveCfg = Debug|Any CPU
		{3165ECA9-47E5-47D9-86A7-B16CA9971EEC}.Debug|Any CPU.Build.0 = Debug|Any CPU
		{3165ECA9-47E5-47D9-86A7-B16CA9971EEC}.Release|Any CPU.ActiveCfg = Release|Any CPU
		{3165ECA9-47E5-47D9-86A7-B16CA9971EEC}.Release|Any CPU.Build.0 = Release|Any CPU
		{0DFC3AB8-E3DF-4281-AAA4-A5577F2B28B0}.Debug|Any CPU.ActiveCfg = Debug|Any CPU
		{0DFC3AB8-E3DF-4281-AAA4-A5577F2B28B0}.Debug|Any CPU.Build.0 = Debug|Any CPU
		{0DFC3AB8-E3DF-4281-AAA4-A5577F2B28B0}.Release|Any CPU.ActiveCfg = Release|Any CPU
		{0DFC3AB8-E3DF-4281-AAA4-A5577F2B28B0}.Release|Any CPU.Build.0 = Release|Any CPU
	EndGlobalSection
	GlobalSection(SolutionProperties) = preSolution
		HideSolutionNode = FALSE
	EndGlobalSection
	GlobalSection(ExtensibilityGlobals) = postSolution
		SolutionGuid = {10B5CE3C-4538-4618-AD15-09ECE9A68DE7}
	EndGlobalSection
EndGlobal
